// !$*UTF8*$!
{
	archiveVersion = 1;
	classes = {
	};
	objectVersion = 50;
	objects = {

/* Begin PBXBuildFile section */
		A8B23BFC25BE287900B468E7 /* AppDelegate.swift in Sources */ = {isa = PBXBuildFile; fileRef = A8B23BFB25BE287900B468E7 /* AppDelegate.swift */; };
		A8B23BFE25BE287900B468E7 /* SceneDelegate.swift in Sources */ = {isa = PBXBuildFile; fileRef = A8B23BFD25BE287900B468E7 /* SceneDelegate.swift */; };
		A8B23C0025BE287900B468E7 /* ViewController.swift in Sources */ = {isa = PBXBuildFile; fileRef = A8B23BFF25BE287900B468E7 /* ViewController.swift */; };
		A8B23C0325BE287900B468E7 /* Main.storyboard in Resources */ = {isa = PBXBuildFile; fileRef = A8B23C0125BE287900B468E7 /* Main.storyboard */; };
		A8B23C0525BE287A00B468E7 /* Assets.xcassets in Resources */ = {isa = PBXBuildFile; fileRef = A8B23C0425BE287A00B468E7 /* Assets.xcassets */; };
		A8B23C0825BE287A00B468E7 /* LaunchScreen.storyboard in Resources */ = {isa = PBXBuildFile; fileRef = A8B23C0625BE287A00B468E7 /* LaunchScreen.storyboard */; };
		A8B23C1325BE287B00B468E7 /* WebKeyzTaskTests.swift in Sources */ = {isa = PBXBuildFile; fileRef = A8B23C1225BE287B00B468E7 /* WebKeyzTaskTests.swift */; };
		A8B23C1E25BE287B00B468E7 /* WebKeyzTaskUITests.swift in Sources */ = {isa = PBXBuildFile; fileRef = A8B23C1D25BE287B00B468E7 /* WebKeyzTaskUITests.swift */; };
/* End PBXBuildFile section */

/* Begin PBXContainerItemProxy section */
		A8B23C0F25BE287A00B468E7 /* PBXContainerItemProxy */ = {
			isa = PBXContainerItemProxy;
			containerPortal = A8B23BF025BE287900B468E7 /* Project object */;
			proxyType = 1;
			remoteGlobalIDString = A8B23BF725BE287900B468E7;
			remoteInfo = WebKeyzTask;
		};
		A8B23C1A25BE287B00B468E7 /* PBXContainerItemProxy */ = {
			isa = PBXContainerItemProxy;
			containerPortal = A8B23BF025BE287900B468E7 /* Project object */;
			proxyType = 1;
			remoteGlobalIDString = A8B23BF725BE287900B468E7;
			remoteInfo = WebKeyzTask;
		};
/* End PBXContainerItemProxy section */

/* Begin PBXFileReference section */
		A8B23BF825BE287900B468E7 /* WebKeyzTask.app */ = {isa = PBXFileReference; explicitFileType = wrapper.application; includeInIndex = 0; path = WebKeyzTask.app; sourceTree = BUILT_PRODUCTS_DIR; };
		A8B23BFB25BE287900B468E7 /* AppDelegate.swift */ = {isa = PBXFileReference; lastKnownFileType = sourcecode.swift; path = AppDelegate.swift; sourceTree = "<group>"; };
		A8B23BFD25BE287900B468E7 /* SceneDelegate.swift */ = {isa = PBXFileReference; lastKnownFileType = sourcecode.swift; path = SceneDelegate.swift; sourceTree = "<group>"; };
		A8B23BFF25BE287900B468E7 /* ViewController.swift */ = {isa = PBXFileReference; lastKnownFileType = sourcecode.swift; path = ViewController.swift; sourceTree = "<group>"; };
		A8B23C0225BE287900B468E7 /* Base */ = {isa = PBXFileReference; lastKnownFileType = file.storyboard; name = Base; path = Base.lproj/Main.storyboard; sourceTree = "<group>"; };
		A8B23C0425BE287A00B468E7 /* Assets.xcassets */ = {isa = PBXFileReference; lastKnownFileType = folder.assetcatalog; path = Assets.xcassets; sourceTree = "<group>"; };
		A8B23C0725BE287A00B468E7 /* Base */ = {isa = PBXFileReference; lastKnownFileType = file.storyboard; name = Base; path = Base.lproj/LaunchScreen.storyboard; sourceTree = "<group>"; };
		A8B23C0925BE287A00B468E7 /* Info.plist */ = {isa = PBXFileReference; lastKnownFileType = text.plist.xml; path = Info.plist; sourceTree = "<group>"; };
		A8B23C0E25BE287A00B468E7 /* WebKeyzTaskTests.xctest */ = {isa = PBXFileReference; explicitFileType = wrapper.cfbundle; includeInIndex = 0; path = WebKeyzTaskTests.xctest; sourceTree = BUILT_PRODUCTS_DIR; };
		A8B23C1225BE287B00B468E7 /* WebKeyzTaskTests.swift */ = {isa = PBXFileReference; lastKnownFileType = sourcecode.swift; path = WebKeyzTaskTests.swift; sourceTree = "<group>"; };
		A8B23C1425BE287B00B468E7 /* Info.plist */ = {isa = PBXFileReference; lastKnownFileType = text.plist.xml; path = Info.plist; sourceTree = "<group>"; };
		A8B23C1925BE287B00B468E7 /* WebKeyzTaskUITests.xctest */ = {isa = PBXFileReference; explicitFileType = wrapper.cfbundle; includeInIndex = 0; path = WebKeyzTaskUITests.xctest; sourceTree = BUILT_PRODUCTS_DIR; };
		A8B23C1D25BE287B00B468E7 /* WebKeyzTaskUITests.swift */ = {isa = PBXFileReference; lastKnownFileType = sourcecode.swift; path = WebKeyzTaskUITests.swift; sourceTree = "<group>"; };
		A8B23C1F25BE287B00B468E7 /* Info.plist */ = {isa = PBXFileReference; lastKnownFileType = text.plist.xml; path = Info.plist; sourceTree = "<group>"; };
/* End PBXFileReference section */

/* Begin PBXFrameworksBuildPhase section */
		A8B23BF525BE287900B468E7 /* Frameworks */ = {
			isa = PBXFrameworksBuildPhase;
			buildActionMask = 2147483647;
			files = (
			);
			runOnlyForDeploymentPostprocessing = 0;
		};
		A8B23C0B25BE287A00B468E7 /* Frameworks */ = {
			isa = PBXFrameworksBuildPhase;
			buildActionMask = 2147483647;
			files = (
			);
			runOnlyForDeploymentPostprocessing = 0;
		};
		A8B23C1625BE287B00B468E7 /* Frameworks */ = {
			isa = PBXFrameworksBuildPhase;
			buildActionMask = 2147483647;
			files = (
			);
			runOnlyForDeploymentPostprocessing = 0;
		};
/* End PBXFrameworksBuildPhase section */

/* Begin PBXGroup section */
		A8B23BEF25BE287900B468E7 = {
			isa = PBXGroup;
			children = (
				A8B23BFA25BE287900B468E7 /* WebKeyzTask */,
				A8B23C1125BE287B00B468E7 /* WebKeyzTaskTests */,
				A8B23C1C25BE287B00B468E7 /* WebKeyzTaskUITests */,
				A8B23BF925BE287900B468E7 /* Products */,
			);
			sourceTree = "<group>";
		};
		A8B23BF925BE287900B468E7 /* Products */ = {
			isa = PBXGroup;
			children = (
				A8B23BF825BE287900B468E7 /* WebKeyzTask.app */,
				A8B23C0E25BE287A00B468E7 /* WebKeyzTaskTests.xctest */,
				A8B23C1925BE287B00B468E7 /* WebKeyzTaskUITests.xctest */,
			);
			name = Products;
			sourceTree = "<group>";
		};
		A8B23BFA25BE287900B468E7 /* WebKeyzTask */ = {
			isa = PBXGroup;
			children = (
				A8B23BFB25BE287900B468E7 /* AppDelegate.swift */,
				A8B23BFD25BE287900B468E7 /* SceneDelegate.swift */,
				A8B23BFF25BE287900B468E7 /* ViewController.swift */,
				A8B23C0125BE287900B468E7 /* Main.storyboard */,
				A8B23C0425BE287A00B468E7 /* Assets.xcassets */,
				A8B23C0625BE287A00B468E7 /* LaunchScreen.storyboard */,
				A8B23C0925BE287A00B468E7 /* Info.plist */,
			);
			path = WebKeyzTask;
			sourceTree = "<group>";
		};
		A8B23C1125BE287B00B468E7 /* WebKeyzTaskTests */ = {
			isa = PBXGroup;
			children = (
				A8B23C1225BE287B00B468E7 /* WebKeyzTaskTests.swift */,
				A8B23C1425BE287B00B468E7 /* Info.plist */,
			);
			path = WebKeyzTaskTests;
			sourceTree = "<group>";
		};
		A8B23C1C25BE287B00B468E7 /* WebKeyzTaskUITests */ = {
			isa = PBXGroup;
			children = (
				A8B23C1D25BE287B00B468E7 /* WebKeyzTaskUITests.swift */,
				A8B23C1F25BE287B00B468E7 /* Info.plist */,
			);
			path = WebKeyzTaskUITests;
			sourceTree = "<group>";
		};
/* End PBXGroup section */

/* Begin PBXNativeTarget section */
		A8B23BF725BE287900B468E7 /* WebKeyzTask */ = {
			isa = PBXNativeTarget;
			buildConfigurationList = A8B23C2225BE287B00B468E7 /* Build configuration list for PBXNativeTarget "WebKeyzTask" */;
			buildPhases = (
				A8B23BF425BE287900B468E7 /* Sources */,
				A8B23BF525BE287900B468E7 /* Frameworks */,
				A8B23BF625BE287900B468E7 /* Resources */,
			);
			buildRules = (
			);
			dependencies = (
			);
			name = WebKeyzTask;
			productName = WebKeyzTask;
			productReference = A8B23BF825BE287900B468E7 /* WebKeyzTask.app */;
			productType = "com.apple.product-type.application";
		};
		A8B23C0D25BE287A00B468E7 /* WebKeyzTaskTests */ = {
			isa = PBXNativeTarget;
			buildConfigurationList = A8B23C2525BE287B00B468E7 /* Build configuration list for PBXNativeTarget "WebKeyzTaskTests" */;
			buildPhases = (
				A8B23C0A25BE287A00B468E7 /* Sources */,
				A8B23C0B25BE287A00B468E7 /* Frameworks */,
				A8B23C0C25BE287A00B468E7 /* Resources */,
			);
			buildRules = (
			);
			dependencies = (
				A8B23C1025BE287A00B468E7 /* PBXTargetDependency */,
			);
			name = WebKeyzTaskTests;
			productName = WebKeyzTaskTests;
			productReference = A8B23C0E25BE287A00B468E7 /* WebKeyzTaskTests.xctest */;
			productType = "com.apple.product-type.bundle.unit-test";
		};
		A8B23C1825BE287B00B468E7 /* WebKeyzTaskUITests */ = {
			isa = PBXNativeTarget;
			buildConfigurationList = A8B23C2825BE287B00B468E7 /* Build configuration list for PBXNativeTarget "WebKeyzTaskUITests" */;
			buildPhases = (
				A8B23C1525BE287B00B468E7 /* Sources */,
				A8B23C1625BE287B00B468E7 /* Frameworks */,
				A8B23C1725BE287B00B468E7 /* Resources */,
			);
			buildRules = (
			);
			dependencies = (
				A8B23C1B25BE287B00B468E7 /* PBXTargetDependency */,
			);
			name = WebKeyzTaskUITests;
			productName = WebKeyzTaskUITests;
			productReference = A8B23C1925BE287B00B468E7 /* WebKeyzTaskUITests.xctest */;
			productType = "com.apple.product-type.bundle.ui-testing";
		};
/* End PBXNativeTarget section */

/* Begin PBXProject section */
		A8B23BF025BE287900B468E7 /* Project object */ = {
			isa = PBXProject;
			attributes = {
				LastSwiftUpdateCheck = 1150;
				LastUpgradeCheck = 1150;
				ORGANIZATIONNAME = Anas;
				TargetAttributes = {
					A8B23BF725BE287900B468E7 = {
						CreatedOnToolsVersion = 11.5;
					};
					A8B23C0D25BE287A00B468E7 = {
						CreatedOnToolsVersion = 11.5;
						TestTargetID = A8B23BF725BE287900B468E7;
					};
					A8B23C1825BE287B00B468E7 = {
						CreatedOnToolsVersion = 11.5;
						TestTargetID = A8B23BF725BE287900B468E7;
					};
				};
			};
			buildConfigurationList = A8B23BF325BE287900B468E7 /* Build configuration list for PBXProject "WebKeyzTask" */;
			compatibilityVersion = "Xcode 9.3";
			developmentRegion = en;
			hasScannedForEncodings = 0;
			knownRegions = (
				en,
				Base,
			);
			mainGroup = A8B23BEF25BE287900B468E7;
			productRefGroup = A8B23BF925BE287900B468E7 /* Products */;
			projectDirPath = "";
			projectRoot = "";
			targets = (
				A8B23BF725BE287900B468E7 /* WebKeyzTask */,
				A8B23C0D25BE287A00B468E7 /* WebKeyzTaskTests */,
				A8B23C1825BE287B00B468E7 /* WebKeyzTaskUITests */,
			);
		};
/* End PBXProject section */

/* Begin PBXResourcesBuildPhase section */
		A8B23BF625BE287900B468E7 /* Resources */ = {
			isa = PBXResourcesBuildPhase;
			buildActionMask = 2147483647;
			files = (
				A8B23C0825BE287A00B468E7 /* LaunchScreen.storyboard in Resources */,
				A8B23C0525BE287A00B468E7 /* Assets.xcassets in Resources */,
				A8B23C0325BE287900B468E7 /* Main.storyboard in Resources */,
			);
			runOnlyForDeploymentPostprocessing = 0;
		};
		A8B23C0C25BE287A00B468E7 /* Resources */ = {
			isa = PBXResourcesBuildPhase;
			buildActionMask = 2147483647;
			files = (
			);
			runOnlyForDeploymentPostprocessing = 0;
		};
		A8B23C1725BE287B00B468E7 /* Resources */ = {
			isa = PBXResourcesBuildPhase;
			buildActionMask = 2147483647;
			files = (
			);
			runOnlyForDeploymentPostprocessing = 0;
		};
/* End PBXResourcesBuildPhase section */

/* Begin PBXSourcesBuildPhase section */
		A8B23BF425BE287900B468E7 /* Sources */ = {
			isa = PBXSourcesBuildPhase;
			buildActionMask = 2147483647;
			files = (
				A8B23C0025BE287900B468E7 /* ViewController.swift in Sources */,
				A8B23BFC25BE287900B468E7 /* AppDelegate.swift in Sources */,
				A8B23BFE25BE287900B468E7 /* SceneDelegate.swift in Sources */,
			);
			runOnlyForDeploymentPostprocessing = 0;
		};
		A8B23C0A25BE287A00B468E7 /* Sources */ = {
			isa = PBXSourcesBuildPhase;
			buildActionMask = 2147483647;
			files = (
				A8B23C1325BE287B00B468E7 /* WebKeyzTaskTests.swift in Sources */,
			);
			runOnlyForDeploymentPostprocessing = 0;
		};
		A8B23C1525BE287B00B468E7 /* Sources */ = {
			isa = PBXSourcesBuildPhase;
			buildActionMask = 2147483647;
			files = (
				A8B23C1E25BE287B00B468E7 /* WebKeyzTaskUITests.swift in Sources */,
			);
			runOnlyForDeploymentPostprocessing = 0;
		};
/* End PBXSourcesBuildPhase section */

/* Begin PBXTargetDependency section */
		A8B23C1025BE287A00B468E7 /* PBXTargetDependency */ = {
			isa = PBXTargetDependency;
			target = A8B23BF725BE287900B468E7 /* WebKeyzTask */;
			targetProxy = A8B23C0F25BE287A00B468E7 /* PBXContainerItemProxy */;
		};
		A8B23C1B25BE287B00B468E7 /* PBXTargetDependency */ = {
			isa = PBXTargetDependency;
			target = A8B23BF725BE287900B468E7 /* WebKeyzTask */;
			targetProxy = A8B23C1A25BE287B00B468E7 /* PBXContainerItemProxy */;
		};
/* End PBXTargetDependency section */

/* Begin PBXVariantGroup section */
		A8B23C0125BE287900B468E7 /* Main.storyboard */ = {
			isa = PBXVariantGroup;
			children = (
				A8B23C0225BE287900B468E7 /* Base */,
			);
			name = Main.storyboard;
			sourceTree = "<group>";
		};
		A8B23C0625BE287A00B468E7 /* LaunchScreen.storyboard */ = {
			isa = PBXVariantGroup;
			children = (
				A8B23C0725BE287A00B468E7 /* Base */,
			);
			name = LaunchScreen.storyboard;
			sourceTree = "<group>";
		};
/* End PBXVariantGroup section */

/* Begin XCBuildConfiguration section */
		A8B23C2025BE287B00B468E7 /* Debug */ = {
			isa = XCBuildConfiguration;
			buildSettings = {
				ALWAYS_SEARCH_USER_PATHS = NO;
				CLANG_ANALYZER_NONNULL = YES;
				CLANG_ANALYZER_NUMBER_OBJECT_CONVERSION = YES_AGGRESSIVE;
				CLANG_CXX_LANGUAGE_STANDARD = "gnu++14";
				CLANG_CXX_LIBRARY = "libc++";
				CLANG_ENABLE_MODULES = YES;
				CLANG_ENABLE_OBJC_ARC = YES;
				CLANG_ENABLE_OBJC_WEAK = YES;
				CLANG_WARN_BLOCK_CAPTURE_AUTORELEASING = YES;
				CLANG_WARN_BOOL_CONVERSION = YES;
				CLANG_WARN_COMMA = YES;
				CLANG_WARN_CONSTANT_CONVERSION = YES;
				CLANG_WARN_DEPRECATED_OBJC_IMPLEMENTATIONS = YES;
				CLANG_WARN_DIRECT_OBJC_ISA_USAGE = YES_ERROR;
				CLANG_WARN_DOCUMENTATION_COMMENTS = YES;
				CLANG_WARN_EMPTY_BODY = YES;
				CLANG_WARN_ENUM_CONVERSION = YES;
				CLANG_WARN_INFINITE_RECURSION = YES;
				CLANG_WARN_INT_CONVERSION = YES;
				CLANG_WARN_NON_LITERAL_NULL_CONVERSION = YES;
				CLANG_WARN_OBJC_IMPLICIT_RETAIN_SELF = YES;
				CLANG_WARN_OBJC_LITERAL_CONVERSION = YES;
				CLANG_WARN_OBJC_ROOT_CLASS = YES_ERROR;
				CLANG_WARN_RANGE_LOOP_ANALYSIS = YES;
				CLANG_WARN_STRICT_PROTOTYPES = YES;
				CLANG_WARN_SUSPICIOUS_MOVE = YES;
				CLANG_WARN_UNGUARDED_AVAILABILITY = YES_AGGRESSIVE;
				CLANG_WARN_UNREACHABLE_CODE = YES;
				CLANG_WARN__DUPLICATE_METHOD_MATCH = YES;
				COPY_PHASE_STRIP = NO;
				DEBUG_INFORMATION_FORMAT = dwarf;
				ENABLE_STRICT_OBJC_MSGSEND = YES;
				ENABLE_TESTABILITY = YES;
				GCC_C_LANGUAGE_STANDARD = gnu11;
				GCC_DYNAMIC_NO_PIC = NO;
				GCC_NO_COMMON_BLOCKS = YES;
				GCC_OPTIMIZATION_LEVEL = 0;
				GCC_PREPROCESSOR_DEFINITIONS = (
					"DEBUG=1",
					"$(inherited)",
				);
				GCC_WARN_64_TO_32_BIT_CONVERSION = YES;
				GCC_WARN_ABOUT_RETURN_TYPE = YES_ERROR;
				GCC_WARN_UNDECLARED_SELECTOR = YES;
				GCC_WARN_UNINITIALIZED_AUTOS = YES_AGGRESSIVE;
				GCC_WARN_UNUSED_FUNCTION = YES;
				GCC_WARN_UNUSED_VARIABLE = YES;
				IPHONEOS_DEPLOYMENT_TARGET = 13.5;
				MTL_ENABLE_DEBUG_INFO = INCLUDE_SOURCE;
				MTL_FAST_MATH = YES;
				ONLY_ACTIVE_ARCH = YES;
				SDKROOT = iphoneos;
				SWIFT_ACTIVE_COMPILATION_CONDITIONS = DEBUG;
				SWIFT_OPTIMIZATION_LEVEL = "-Onone";
			};
			name = Debug;
		};
		A8B23C2125BE287B00B468E7 /* Release */ = {
			isa = XCBuildConfiguration;
			buildSettings = {
				ALWAYS_SEARCH_USER_PATHS = NO;
				CLANG_ANALYZER_NONNULL = YES;
				CLANG_ANALYZER_NUMBER_OBJECT_CONVERSION = YES_AGGRESSIVE;
				CLANG_CXX_LANGUAGE_STANDARD = "gnu++14";
				CLANG_CXX_LIBRARY = "libc++";
				CLANG_ENABLE_MODULES = YES;
				CLANG_ENABLE_OBJC_ARC = YES;
				CLANG_ENABLE_OBJC_WEAK = YES;
				CLANG_WARN_BLOCK_CAPTURE_AUTORELEASING = YES;
				CLANG_WARN_BOOL_CONVERSION = YES;
				CLANG_WARN_COMMA = YES;
				CLANG_WARN_CONSTANT_CONVERSION = YES;
				CLANG_WARN_DEPRECATED_OBJC_IMPLEMENTATIONS = YES;
				CLANG_WARN_DIRECT_OBJC_ISA_USAGE = YES_ERROR;
				CLANG_WARN_DOCUMENTATION_COMMENTS = YES;
				CLANG_WARN_EMPTY_BODY = YES;
				CLANG_WARN_ENUM_CONVERSION = YES;
				CLANG_WARN_INFINITE_RECURSION = YES;
				CLANG_WARN_INT_CONVERSION = YES;
				CLANG_WARN_NON_LITERAL_NULL_CONVERSION = YES;
				CLANG_WARN_OBJC_IMPLICIT_RETAIN_SELF = YES;
				CLANG_WARN_OBJC_LITERAL_CONVERSION = YES;
				CLANG_WARN_OBJC_ROOT_CLASS = YES_ERROR;
				CLANG_WARN_RANGE_LOOP_ANALYSIS = YES;
				CLANG_WARN_STRICT_PROTOTYPES = YES;
				CLANG_WARN_SUSPICIOUS_MOVE = YES;
				CLANG_WARN_UNGUARDED_AVAILABILITY = YES_AGGRESSIVE;
				CLANG_WARN_UNREACHABLE_CODE = YES;
				CLANG_WARN__DUPLICATE_METHOD_MATCH = YES;
				COPY_PHASE_STRIP = NO;
				DEBUG_INFORMATION_FORMAT = "dwarf-with-dsym";
				ENABLE_NS_ASSERTIONS = NO;
				ENABLE_STRICT_OBJC_MSGSEND = YES;
				GCC_C_LANGUAGE_STANDARD = gnu11;
				GCC_NO_COMMON_BLOCKS = YES;
				GCC_WARN_64_TO_32_BIT_CONVERSION = YES;
				GCC_WARN_ABOUT_RETURN_TYPE = YES_ERROR;
				GCC_WARN_UNDECLARED_SELECTOR = YES;
				GCC_WARN_UNINITIALIZED_AUTOS = YES_AGGRESSIVE;
				GCC_WARN_UNUSED_FUNCTION = YES;
				GCC_WARN_UNUSED_VARIABLE = YES;
				IPHONEOS_DEPLOYMENT_TARGET = 13.5;
				MTL_ENABLE_DEBUG_INFO = NO;
				MTL_FAST_MATH = YES;
				SDKROOT = iphoneos;
				SWIFT_COMPILATION_MODE = wholemodule;
				SWIFT_OPTIMIZATION_LEVEL = "-O";
				VALIDATE_PRODUCT = YES;
			};
			name = Release;
		};
		A8B23C2325BE287B00B468E7 /* Debug */ = {
			isa = XCBuildConfiguration;
			buildSettings = {
				ASSETCATALOG_COMPILER_APPICON_NAME = AppIcon;
				CODE_SIGN_STYLE = Automatic;
				INFOPLIST_FILE = WebKeyzTask/Info.plist;
				LD_RUNPATH_SEARCH_PATHS = (
					"$(inherited)",
					"@executable_path/Frameworks",
				);
				PRODUCT_BUNDLE_IDENTIFIER = anas.WebKeyzTask;
				PRODUCT_NAME = "$(TARGET_NAME)";
				SWIFT_VERSION = 5.0;
				TARGETED_DEVICE_FAMILY = "1,2";
			};
			name = Debug;
		};
		A8B23C2425BE287B00B468E7 /* Release */ = {
			isa = XCBuildConfiguration;
			buildSettings = {
				ASSETCATALOG_COMPILER_APPICON_NAME = AppIcon;
				CODE_SIGN_STYLE = Automatic;
				INFOPLIST_FILE = WebKeyzTask/Info.plist;
				LD_RUNPATH_SEARCH_PATHS = (
					"$(inherited)",
					"@executable_path/Frameworks",
				);
				PRODUCT_BUNDLE_IDENTIFIER = anas.WebKeyzTask;
				PRODUCT_NAME = "$(TARGET_NAME)";
				SWIFT_VERSION = 5.0;
				TARGETED_DEVICE_FAMILY = "1,2";
			};
			name = Release;
		};
		A8B23C2625BE287B00B468E7 /* Debug */ = {
			isa = XCBuildConfiguration;
			buildSettings = {
				ALWAYS_EMBED_SWIFT_STANDARD_LIBRARIES = YES;
				BUNDLE_LOADER = "$(TEST_HOST)";
				CODE_SIGN_STYLE = Automatic;
				INFOPLIST_FILE = WebKeyzTaskTests/Info.plist;
				IPHONEOS_DEPLOYMENT_TARGET = 13.5;
				LD_RUNPATH_SEARCH_PATHS = (
					"$(inherited)",
					"@executable_path/Frameworks",
					"@loader_path/Frameworks",
				);
				PRODUCT_BUNDLE_IDENTIFIER = anas.WebKeyzTaskTests;
				PRODUCT_NAME = "$(TARGET_NAME)";
				SWIFT_VERSION = 5.0;
				TARGETED_DEVICE_FAMILY = "1,2";
				TEST_HOST = "$(BUILT_PRODUCTS_DIR)/WebKeyzTask.app/WebKeyzTask";
			};
			name = Debug;
		};
		A8B23C2725BE287B00B468E7 /* Release */ = {
			isa = XCBuildConfiguration;
			buildSettings = {
				ALWAYS_EMBED_SWIFT_STANDARD_LIBRARIES = YES;
				BUNDLE_LOADER = "$(TEST_HOST)";
				CODE_SIGN_STYLE = Automatic;
				INFOPLIST_FILE = WebKeyzTaskTests/Info.plist;
				IPHONEOS_DEPLOYMENT_TARGET = 13.5;
				LD_RUNPATH_SEARCH_PATHS = (
					"$(inherited)",
					"@executable_path/Frameworks",
					"@loader_path/Frameworks",
				);
				PRODUCT_BUNDLE_IDENTIFIER = anas.WebKeyzTaskTests;
				PRODUCT_NAME = "$(TARGET_NAME)";
				SWIFT_VERSION = 5.0;
				TARGETED_DEVICE_FAMILY = "1,2";
				TEST_HOST = "$(BUILT_PRODUCTS_DIR)/WebKeyzTask.app/WebKeyzTask";
			};
			name = Release;
		};
		A8B23C2925BE287B00B468E7 /* Debug */ = {
			isa = XCBuildConfiguration;
			buildSettings = {
				ALWAYS_EMBED_SWIFT_STANDARD_LIBRARIES = YES;
				CODE_SIGN_STYLE = Automatic;
				INFOPLIST_FILE = WebKeyzTaskUITests/Info.plist;
				LD_RUNPATH_SEARCH_PATHS = (
					"$(inherited)",
					"@executable_path/Frameworks",
					"@loader_path/Frameworks",
				);
				PRODUCT_BUNDLE_IDENTIFIER = anas.WebKeyzTaskUITests;
				PRODUCT_NAME = "$(TARGET_NAME)";
				SWIFT_VERSION = 5.0;
				TARGETED_DEVICE_FAMILY = "1,2";
				TEST_TARGET_NAME = WebKeyzTask;
			};
			name = Debug;
		};
		A8B23C2A25BE287B00B468E7 /* Release */ = {
			isa = XCBuildConfiguration;
			buildSettings = {
				ALWAYS_EMBED_SWIFT_STANDARD_LIBRARIES = YES;
				CODE_SIGN_STYLE = Automatic;
				INFOPLIST_FILE = WebKeyzTaskUITests/Info.plist;
				LD_RUNPATH_SEARCH_PATHS = (
					"$(inherited)",
					"@executable_path/Frameworks",
					"@loader_path/Frameworks",
				);
				PRODUCT_BUNDLE_IDENTIFIER = anas.WebKeyzTaskUITests;
				PRODUCT_NAME = "$(TARGET_NAME)";
				SWIFT_VERSION = 5.0;
				TARGETED_DEVICE_FAMILY = "1,2";
				TEST_TARGET_NAME = WebKeyzTask;
			};
			name = Release;
		};
/* End XCBuildConfiguration section */

/* Begin XCConfigurationList section */
		A8B23BF325BE287900B468E7 /* Build configuration list for PBXProject "WebKeyzTask" */ = {
			isa = XCConfigurationList;
			buildConfigurations = (
				A8B23C2025BE287B00B468E7 /* Debug */,
				A8B23C2125BE287B00B468E7 /* Release */,
			);
			defaultConfigurationIsVisible = 0;
			defaultConfigurationName = Release;
		};
		A8B23C2225BE287B00B468E7 /* Build configuration list for PBXNativeTarget "WebKeyzTask" */ = {
			isa = XCConfigurationList;
			buildConfigurations = (
				A8B23C2325BE287B00B468E7 /* Debug */,
				A8B23C2425BE287B00B468E7 /* Release */,
			);
			defaultConfigurationIsVisible = 0;
			defaultConfigurationName = Release;
		};
		A8B23C2525BE287B00B468E7 /* Build configuration list for PBXNativeTarget "WebKeyzTaskTests" */ = {
			isa = XCConfigurationList;
			buildConfigurations = (
				A8B23C2625BE287B00B468E7 /* Debug */,
				A8B23C2725BE287B00B468E7 /* Release */,
			);
			defaultConfigurationIsVisible = 0;
			defaultConfigurationName = Release;
		};
		A8B23C2825BE287B00B468E7 /* Build configuration list for PBXNativeTarget "WebKeyzTaskUITests" */ = {
			isa = XCConfigurationList;
			buildConfigurations = (
				A8B23C2925BE287B00B468E7 /* Debug */,
				A8B23C2A25BE287B00B468E7 /* Release */,
			);
			defaultConfigurationIsVisible = 0;
			defaultConfigurationName = Release;
		};
/* End XCConfigurationList section */
	};
	rootObject = A8B23BF025BE287900B468E7 /* Project object */;
}
